
Microsoft Visual Studio Solution File, Format Version 12.00
Project("{FAE04EC0-301F-11D3-BF4B-00C04F79EFBC}") = "affolterNET.Data", "affolterNET.Data\affolterNET.Data.csproj", "{7F8BACB2-B376-4713-B2FC-8C3C0F089D9C}"
EndProject
Project("{FAE04EC0-301F-11D3-BF4B-00C04F79EFBC}") = "affolterNET.Data.DtoHelper", "affolterNET.Data.DtoHelper\affolterNET.Data.DtoHelper.csproj", "{024E3895-4BC1-4A57-938A-009FFF961644}"
EndProject
Project("{FAE04EC0-301F-11D3-BF4B-00C04F79EFBC}") = "affolterNET.Data.Test", "Test\affolterNET.Data.Test\affolterNET.Data.Test.csproj", "{D86FC426-65E1-4B34-A7FA-1CF4C0C343DA}"
EndProject
Project("{2150E333-8FDC-42A3-9474-1A3956D46DE8}") = "Test", "Test", "{0AE11873-73B9-4E66-A7BE-FFDDD812952A}"
EndProject
Project("{FAE04EC0-301F-11D3-BF4B-00C04F79EFBC}") = "affolterNET.Data.TestHelpers", "affolterNET.Data.TestHelpers\affolterNET.Data.TestHelpers.csproj", "{BB3D9D5C-5917-436B-B3AC-4A20CAF0FD67}"
EndProject
Project("{FAE04EC0-301F-11D3-BF4B-00C04F79EFBC}") = "affolterNET.Data.TestHelpers.Test", "Test\affolterNET.Data.TestHelpers.Test\affolterNET.Data.TestHelpers.Test.csproj", "{A5A306A3-C9FA-487C-BC54-23A4A7F0259A}"
EndProject
Project("{FAE04EC0-301F-11D3-BF4B-00C04F79EFBC}") = "affolterNET.Data.DtoHelper.Test", "Test\affolterNET.Data.DtoHelper.Test\affolterNET.Data.DtoHelper.Test.csproj", "{963A708B-DF27-4E68-9A95-AE9119755B6D}"
EndProject
Project("{2150E333-8FDC-42A3-9474-1A3956D46DE8}") = "Example", "Example", "{B5E41A0F-5F75-4F64-B8CE-19995884C4BC}"
EndProject
Project("{FAE04EC0-301F-11D3-BF4B-00C04F79EFBC}") = "affolterNET.Data.DbUp", "affolterNET.Data.DbUp\affolterNET.Data.DbUp.csproj", "{A112F635-7A7E-4776-8854-AA01006B06A8}"
EndProject
Project("{2150E333-8FDC-42A3-9474-1A3956D46DE8}") = "ExampleVersion", "ExampleVersion", "{41B3BCFE-E186-4A03-921F-2EC0A823D0CB}"
EndProject
Project("{2150E333-8FDC-42A3-9474-1A3956D46DE8}") = "ExampleUserDate", "ExampleUserDate", "{8DDE0EDF-20A0-4650-B37E-CB9B28D8548F}"
EndProject
Project("{2150E333-8FDC-42A3-9474-1A3956D46DE8}") = "ExampleVersionUserDate", "ExampleVersionUserDate", "{89953DB7-2AE2-4AC6-AAEF-2A8AABBCC53C}"
EndProject
Project("{2150E333-8FDC-42A3-9474-1A3956D46DE8}") = "ExampleHistory", "ExampleHistory", "{A0B9B713-8222-4762-B505-1DA65283A7BB}"
EndProject
Project("{2150E333-8FDC-42A3-9474-1A3956D46DE8}") = "ExampleVersionUserDateHistory", "ExampleVersionUserDateHistory", "{1BF72A49-0494-4996-8DF6-EF260A3B7263}"
EndProject
Project("{FAE04EC0-301F-11D3-BF4B-00C04F79EFBC}") = "Example.Update", "Example\Example.Update\Example.Update.csproj", "{A035F51F-6D27-48C3-87D4-C75C15F56C70}"
EndProject
Project("{FAE04EC0-301F-11D3-BF4B-00C04F79EFBC}") = "Example.Data", "Example\Example.Data\Example.Data.csproj", "{D6BC47FC-DE79-4BB3-AD08-57083C8BB46E}"
EndProject
Project("{FAE04EC0-301F-11D3-BF4B-00C04F79EFBC}") = "Example.IntegrationTest", "Example\Example.IntegrationTest\Example.IntegrationTest.csproj", "{ACDDDF64-2AE8-49CD-B4C5-01919028D0F5}"
EndProject
Project("{FAE04EC0-301F-11D3-BF4B-00C04F79EFBC}") = "ExampleHistory.Update", "ExampleHistory\ExampleHistory.Update\ExampleHistory.Update.csproj", "{D08F69A6-D890-43CB-A997-2B607111A17D}"
EndProject
Project("{FAE04EC0-301F-11D3-BF4B-00C04F79EFBC}") = "ExampleHistory.Data", "ExampleHistory\ExampleHistory.Data\ExampleHistory.Data.csproj", "{CEF85ADF-17F3-47E4-9563-16D06DE2E02F}"
EndProject
Project("{FAE04EC0-301F-11D3-BF4B-00C04F79EFBC}") = "ExampleHistory.IntegrationTest", "ExampleHistory\ExampleHistory.IntegrationTest\ExampleHistory.IntegrationTest.csproj", "{177F4DBC-A758-4C04-91D7-6DE8E32DE65F}"
EndProject
Project("{FAE04EC0-301F-11D3-BF4B-00C04F79EFBC}") = "ExampleUserDate.Data", "ExampleUserDate\ExampleUserDate.Data\ExampleUserDate.Data.csproj", "{0C278937-B928-4FF0-B43B-11F6380325F5}"
EndProject
Project("{FAE04EC0-301F-11D3-BF4B-00C04F79EFBC}") = "ExampleUserDate.Update", "ExampleUserDate\ExampleUserDate.Update\ExampleUserDate.Update.csproj", "{AB1FAD7D-2C22-4689-8250-C91FF569A583}"
EndProject
Project("{FAE04EC0-301F-11D3-BF4B-00C04F79EFBC}") = "ExampleUserDate.IntegrationTest", "ExampleUserDate\ExampleUserDate.IntegrationTest\ExampleUserDate.IntegrationTest.csproj", "{B607BCD8-3C7E-486D-AE48-8193A702EFBC}"
EndProject
Project("{FAE04EC0-301F-11D3-BF4B-00C04F79EFBC}") = "ExampleVersion.Update", "ExampleVersion\ExampleVersion.Update\ExampleVersion.Update.csproj", "{746D1524-3D85-4585-8E32-BBA44D3F7017}"
EndProject
Project("{FAE04EC0-301F-11D3-BF4B-00C04F79EFBC}") = "ExampleVersion.Data", "ExampleVersion\ExampleVersion.Data\ExampleVersion.Data.csproj", "{C53FDDDC-7756-4DEE-8380-F0CA69561216}"
EndProject
Project("{FAE04EC0-301F-11D3-BF4B-00C04F79EFBC}") = "ExampleVersion.IntegrationTest", "ExampleVersion\ExampleVersion.IntegrationTest\ExampleVersion.IntegrationTest.csproj", "{AD286227-B8B6-44E6-9BD6-F34BC98B64B9}"
EndProject
Project("{FAE04EC0-301F-11D3-BF4B-00C04F79EFBC}") = "ExampleVersionUserDate.Update", "ExampleVersionUserDate\ExampleVersionUserDate.Update\ExampleVersionUserDate.Update.csproj", "{745B9D20-6F35-4665-AAF6-6B90D19D9555}"
EndProject
Project("{FAE04EC0-301F-11D3-BF4B-00C04F79EFBC}") = "ExampleVersionUserDate.Data", "ExampleVersionUserDate\ExampleVersionUserDate.Data\ExampleVersionUserDate.Data.csproj", "{C05D2213-330A-426C-B389-3F98CB20DC1F}"
EndProject
Project("{FAE04EC0-301F-11D3-BF4B-00C04F79EFBC}") = "ExampleVersionUserDate.IntegrationTest", "ExampleVersionUserDate\ExampleVersionUserDate.IntegrationTest\ExampleVersionUserDate.IntegrationTest.csproj", "{FCC7EF09-D7F7-4477-8417-DA434FFC2E31}"
EndProject
Project("{FAE04EC0-301F-11D3-BF4B-00C04F79EFBC}") = "ExampleVersionUserDateHistory.Update", "ExampleVersionUserDateHistory\ExampleVersionUserDateHistory.Update\ExampleVersionUserDateHistory.Update.csproj", "{17E6AB42-3099-4E73-8086-4FBA0EA4072F}"
EndProject
Project("{FAE04EC0-301F-11D3-BF4B-00C04F79EFBC}") = "ExampleVersionUserDateHistory.Data", "ExampleVersionUserDateHistory\ExampleVersionUserDateHistory.Data\ExampleVersionUserDateHistory.Data.csproj", "{A6FF5784-A7E1-44CE-8CEC-1166200C9010}"
EndProject
Project("{FAE04EC0-301F-11D3-BF4B-00C04F79EFBC}") = "ExampleVersionUserDateHistory.IntegrationTest", "ExampleVersionUserDateHistory\ExampleVersionUserDateHistory.IntegrationTest\ExampleVersionUserDateHistory.IntegrationTest.csproj", "{2C9EF91F-C7B4-405D-A565-24AE09DC6498}"
EndProject
Global
	GlobalSection(SolutionConfigurationPlatforms) = preSolution
		Debug|Any CPU = Debug|Any CPU
		Release|Any CPU = Release|Any CPU
	EndGlobalSection
	GlobalSection(ProjectConfigurationPlatforms) = postSolution
		{7F8BACB2-B376-4713-B2FC-8C3C0F089D9C}.Debug|Any CPU.ActiveCfg = Debug|Any CPU
		{7F8BACB2-B376-4713-B2FC-8C3C0F089D9C}.Debug|Any CPU.Build.0 = Debug|Any CPU
		{7F8BACB2-B376-4713-B2FC-8C3C0F089D9C}.Release|Any CPU.ActiveCfg = Release|Any CPU
		{7F8BACB2-B376-4713-B2FC-8C3C0F089D9C}.Release|Any CPU.Build.0 = Release|Any CPU
		{024E3895-4BC1-4A57-938A-009FFF961644}.Debug|Any CPU.ActiveCfg = Debug|Any CPU
		{024E3895-4BC1-4A57-938A-009FFF961644}.Debug|Any CPU.Build.0 = Debug|Any CPU
		{024E3895-4BC1-4A57-938A-009FFF961644}.Release|Any CPU.ActiveCfg = Release|Any CPU
		{024E3895-4BC1-4A57-938A-009FFF961644}.Release|Any CPU.Build.0 = Release|Any CPU
		{D86FC426-65E1-4B34-A7FA-1CF4C0C343DA}.Debug|Any CPU.ActiveCfg = Debug|Any CPU
		{D86FC426-65E1-4B34-A7FA-1CF4C0C343DA}.Debug|Any CPU.Build.0 = Debug|Any CPU
		{D86FC426-65E1-4B34-A7FA-1CF4C0C343DA}.Release|Any CPU.ActiveCfg = Release|Any CPU
		{D86FC426-65E1-4B34-A7FA-1CF4C0C343DA}.Release|Any CPU.Build.0 = Release|Any CPU
		{BB3D9D5C-5917-436B-B3AC-4A20CAF0FD67}.Debug|Any CPU.ActiveCfg = Debug|Any CPU
		{BB3D9D5C-5917-436B-B3AC-4A20CAF0FD67}.Debug|Any CPU.Build.0 = Debug|Any CPU
		{BB3D9D5C-5917-436B-B3AC-4A20CAF0FD67}.Release|Any CPU.ActiveCfg = Release|Any CPU
		{BB3D9D5C-5917-436B-B3AC-4A20CAF0FD67}.Release|Any CPU.Build.0 = Release|Any CPU
		{A5A306A3-C9FA-487C-BC54-23A4A7F0259A}.Debug|Any CPU.ActiveCfg = Debug|Any CPU
		{A5A306A3-C9FA-487C-BC54-23A4A7F0259A}.Debug|Any CPU.Build.0 = Debug|Any CPU
		{A5A306A3-C9FA-487C-BC54-23A4A7F0259A}.Release|Any CPU.ActiveCfg = Release|Any CPU
		{A5A306A3-C9FA-487C-BC54-23A4A7F0259A}.Release|Any CPU.Build.0 = Release|Any CPU
		{963A708B-DF27-4E68-9A95-AE9119755B6D}.Debug|Any CPU.ActiveCfg = Debug|Any CPU
		{963A708B-DF27-4E68-9A95-AE9119755B6D}.Debug|Any CPU.Build.0 = Debug|Any CPU
		{963A708B-DF27-4E68-9A95-AE9119755B6D}.Release|Any CPU.ActiveCfg = Release|Any CPU
		{963A708B-DF27-4E68-9A95-AE9119755B6D}.Release|Any CPU.Build.0 = Release|Any CPU
		{A112F635-7A7E-4776-8854-AA01006B06A8}.Debug|Any CPU.ActiveCfg = Debug|Any CPU
		{A112F635-7A7E-4776-8854-AA01006B06A8}.Debug|Any CPU.Build.0 = Debug|Any CPU
		{A112F635-7A7E-4776-8854-AA01006B06A8}.Release|Any CPU.ActiveCfg = Release|Any CPU
		{A112F635-7A7E-4776-8854-AA01006B06A8}.Release|Any CPU.Build.0 = Release|Any CPU
		{A035F51F-6D27-48C3-87D4-C75C15F56C70}.Debug|Any CPU.ActiveCfg = Debug|Any CPU
		{A035F51F-6D27-48C3-87D4-C75C15F56C70}.Debug|Any CPU.Build.0 = Debug|Any CPU
		{A035F51F-6D27-48C3-87D4-C75C15F56C70}.Release|Any CPU.ActiveCfg = Release|Any CPU
		{A035F51F-6D27-48C3-87D4-C75C15F56C70}.Release|Any CPU.Build.0 = Release|Any CPU
		{D6BC47FC-DE79-4BB3-AD08-57083C8BB46E}.Debug|Any CPU.ActiveCfg = Debug|Any CPU
		{D6BC47FC-DE79-4BB3-AD08-57083C8BB46E}.Debug|Any CPU.Build.0 = Debug|Any CPU
		{D6BC47FC-DE79-4BB3-AD08-57083C8BB46E}.Release|Any CPU.ActiveCfg = Release|Any CPU
		{D6BC47FC-DE79-4BB3-AD08-57083C8BB46E}.Release|Any CPU.Build.0 = Release|Any CPU
		{ACDDDF64-2AE8-49CD-B4C5-01919028D0F5}.Debug|Any CPU.ActiveCfg = Debug|Any CPU
		{ACDDDF64-2AE8-49CD-B4C5-01919028D0F5}.Debug|Any CPU.Build.0 = Debug|Any CPU
		{ACDDDF64-2AE8-49CD-B4C5-01919028D0F5}.Release|Any CPU.ActiveCfg = Release|Any CPU
		{ACDDDF64-2AE8-49CD-B4C5-01919028D0F5}.Release|Any CPU.Build.0 = Release|Any CPU
		{D08F69A6-D890-43CB-A997-2B607111A17D}.Debug|Any CPU.ActiveCfg = Debug|Any CPU
		{D08F69A6-D890-43CB-A997-2B607111A17D}.Debug|Any CPU.Build.0 = Debug|Any CPU
		{D08F69A6-D890-43CB-A997-2B607111A17D}.Release|Any CPU.ActiveCfg = Release|Any CPU
		{D08F69A6-D890-43CB-A997-2B607111A17D}.Release|Any CPU.Build.0 = Release|Any CPU
		{CEF85ADF-17F3-47E4-9563-16D06DE2E02F}.Debug|Any CPU.ActiveCfg = Debug|Any CPU
		{CEF85ADF-17F3-47E4-9563-16D06DE2E02F}.Debug|Any CPU.Build.0 = Debug|Any CPU
		{CEF85ADF-17F3-47E4-9563-16D06DE2E02F}.Release|Any CPU.ActiveCfg = Release|Any CPU
		{CEF85ADF-17F3-47E4-9563-16D06DE2E02F}.Release|Any CPU.Build.0 = Release|Any CPU
		{177F4DBC-A758-4C04-91D7-6DE8E32DE65F}.Debug|Any CPU.ActiveCfg = Debug|Any CPU
		{177F4DBC-A758-4C04-91D7-6DE8E32DE65F}.Debug|Any CPU.Build.0 = Debug|Any CPU
		{177F4DBC-A758-4C04-91D7-6DE8E32DE65F}.Release|Any CPU.ActiveCfg = Release|Any CPU
		{177F4DBC-A758-4C04-91D7-6DE8E32DE65F}.Release|Any CPU.Build.0 = Release|Any CPU
		{0C278937-B928-4FF0-B43B-11F6380325F5}.Debug|Any CPU.ActiveCfg = Debug|Any CPU
		{0C278937-B928-4FF0-B43B-11F6380325F5}.Debug|Any CPU.Build.0 = Debug|Any CPU
		{0C278937-B928-4FF0-B43B-11F6380325F5}.Release|Any CPU.ActiveCfg = Release|Any CPU
		{0C278937-B928-4FF0-B43B-11F6380325F5}.Release|Any CPU.Build.0 = Release|Any CPU
		{AB1FAD7D-2C22-4689-8250-C91FF569A583}.Debug|Any CPU.ActiveCfg = Debug|Any CPU
		{AB1FAD7D-2C22-4689-8250-C91FF569A583}.Debug|Any CPU.Build.0 = Debug|Any CPU
		{AB1FAD7D-2C22-4689-8250-C91FF569A583}.Release|Any CPU.ActiveCfg = Release|Any CPU
		{AB1FAD7D-2C22-4689-8250-C91FF569A583}.Release|Any CPU.Build.0 = Release|Any CPU
		{B607BCD8-3C7E-486D-AE48-8193A702EFBC}.Debug|Any CPU.ActiveCfg = Debug|Any CPU
		{B607BCD8-3C7E-486D-AE48-8193A702EFBC}.Debug|Any CPU.Build.0 = Debug|Any CPU
		{B607BCD8-3C7E-486D-AE48-8193A702EFBC}.Release|Any CPU.ActiveCfg = Release|Any CPU
		{B607BCD8-3C7E-486D-AE48-8193A702EFBC}.Release|Any CPU.Build.0 = Release|Any CPU
		{746D1524-3D85-4585-8E32-BBA44D3F7017}.Debug|Any CPU.ActiveCfg = Debug|Any CPU
		{746D1524-3D85-4585-8E32-BBA44D3F7017}.Debug|Any CPU.Build.0 = Debug|Any CPU
		{746D1524-3D85-4585-8E32-BBA44D3F7017}.Release|Any CPU.ActiveCfg = Release|Any CPU
		{746D1524-3D85-4585-8E32-BBA44D3F7017}.Release|Any CPU.Build.0 = Release|Any CPU
		{C53FDDDC-7756-4DEE-8380-F0CA69561216}.Debug|Any CPU.ActiveCfg = Debug|Any CPU
		{C53FDDDC-7756-4DEE-8380-F0CA69561216}.Debug|Any CPU.Build.0 = Debug|Any CPU
		{C53FDDDC-7756-4DEE-8380-F0CA69561216}.Release|Any CPU.ActiveCfg = Release|Any CPU
		{C53FDDDC-7756-4DEE-8380-F0CA69561216}.Release|Any CPU.Build.0 = Release|Any CPU
		{AD286227-B8B6-44E6-9BD6-F34BC98B64B9}.Debug|Any CPU.ActiveCfg = Debug|Any CPU
		{AD286227-B8B6-44E6-9BD6-F34BC98B64B9}.Debug|Any CPU.Build.0 = Debug|Any CPU
		{AD286227-B8B6-44E6-9BD6-F34BC98B64B9}.Release|Any CPU.ActiveCfg = Release|Any CPU
		{AD286227-B8B6-44E6-9BD6-F34BC98B64B9}.Release|Any CPU.Build.0 = Release|Any CPU
		{745B9D20-6F35-4665-AAF6-6B90D19D9555}.Debug|Any CPU.ActiveCfg = Debug|Any CPU
		{745B9D20-6F35-4665-AAF6-6B90D19D9555}.Debug|Any CPU.Build.0 = Debug|Any CPU
		{745B9D20-6F35-4665-AAF6-6B90D19D9555}.Release|Any CPU.ActiveCfg = Release|Any CPU
		{745B9D20-6F35-4665-AAF6-6B90D19D9555}.Release|Any CPU.Build.0 = Release|Any CPU
		{C05D2213-330A-426C-B389-3F98CB20DC1F}.Debug|Any CPU.ActiveCfg = Debug|Any CPU
		{C05D2213-330A-426C-B389-3F98CB20DC1F}.Debug|Any CPU.Build.0 = Debug|Any CPU
		{C05D2213-330A-426C-B389-3F98CB20DC1F}.Release|Any CPU.ActiveCfg = Release|Any CPU
		{C05D2213-330A-426C-B389-3F98CB20DC1F}.Release|Any CPU.Build.0 = Release|Any CPU
		{FCC7EF09-D7F7-4477-8417-DA434FFC2E31}.Debug|Any CPU.ActiveCfg = Debug|Any CPU
		{FCC7EF09-D7F7-4477-8417-DA434FFC2E31}.Debug|Any CPU.Build.0 = Debug|Any CPU
		{FCC7EF09-D7F7-4477-8417-DA434FFC2E31}.Release|Any CPU.ActiveCfg = Release|Any CPU
		{FCC7EF09-D7F7-4477-8417-DA434FFC2E31}.Release|Any CPU.Build.0 = Release|Any CPU
		{17E6AB42-3099-4E73-8086-4FBA0EA4072F}.Debug|Any CPU.ActiveCfg = Debug|Any CPU
		{17E6AB42-3099-4E73-8086-4FBA0EA4072F}.Debug|Any CPU.Build.0 = Debug|Any CPU
		{17E6AB42-3099-4E73-8086-4FBA0EA4072F}.Release|Any CPU.ActiveCfg = Release|Any CPU
		{17E6AB42-3099-4E73-8086-4FBA0EA4072F}.Release|Any CPU.Build.0 = Release|Any CPU
		{A6FF5784-A7E1-44CE-8CEC-1166200C9010}.Debug|Any CPU.ActiveCfg = Debug|Any CPU
		{A6FF5784-A7E1-44CE-8CEC-1166200C9010}.Debug|Any CPU.Build.0 = Debug|Any CPU
		{A6FF5784-A7E1-44CE-8CEC-1166200C9010}.Release|Any CPU.ActiveCfg = Release|Any CPU
		{A6FF5784-A7E1-44CE-8CEC-1166200C9010}.Release|Any CPU.Build.0 = Release|Any CPU
		{2C9EF91F-C7B4-405D-A565-24AE09DC6498}.Debug|Any CPU.ActiveCfg = Debug|Any CPU
		{2C9EF91F-C7B4-405D-A565-24AE09DC6498}.Debug|Any CPU.Build.0 = Debug|Any CPU
		{2C9EF91F-C7B4-405D-A565-24AE09DC6498}.Release|Any CPU.ActiveCfg = Release|Any CPU
		{2C9EF91F-C7B4-405D-A565-24AE09DC6498}.Release|Any CPU.Build.0 = Release|Any CPU
	EndGlobalSection
	GlobalSection(NestedProjects) = preSolution
		{D86FC426-65E1-4B34-A7FA-1CF4C0C343DA} = {0AE11873-73B9-4E66-A7BE-FFDDD812952A}
		{A5A306A3-C9FA-487C-BC54-23A4A7F0259A} = {0AE11873-73B9-4E66-A7BE-FFDDD812952A}
		{963A708B-DF27-4E68-9A95-AE9119755B6D} = {0AE11873-73B9-4E66-A7BE-FFDDD812952A}
		{A035F51F-6D27-48C3-87D4-C75C15F56C70} = {B5E41A0F-5F75-4F64-B8CE-19995884C4BC}
		{D6BC47FC-DE79-4BB3-AD08-57083C8BB46E} = {B5E41A0F-5F75-4F64-B8CE-19995884C4BC}
		{ACDDDF64-2AE8-49CD-B4C5-01919028D0F5} = {B5E41A0F-5F75-4F64-B8CE-19995884C4BC}
		{D08F69A6-D890-43CB-A997-2B607111A17D} = {A0B9B713-8222-4762-B505-1DA65283A7BB}
		{CEF85ADF-17F3-47E4-9563-16D06DE2E02F} = {A0B9B713-8222-4762-B505-1DA65283A7BB}
		{177F4DBC-A758-4C04-91D7-6DE8E32DE65F} = {A0B9B713-8222-4762-B505-1DA65283A7BB}
		{0C278937-B928-4FF0-B43B-11F6380325F5} = {8DDE0EDF-20A0-4650-B37E-CB9B28D8548F}
		{AB1FAD7D-2C22-4689-8250-C91FF569A583} = {8DDE0EDF-20A0-4650-B37E-CB9B28D8548F}
		{B607BCD8-3C7E-486D-AE48-8193A702EFBC} = {8DDE0EDF-20A0-4650-B37E-CB9B28D8548F}
		{746D1524-3D85-4585-8E32-BBA44D3F7017} = {41B3BCFE-E186-4A03-921F-2EC0A823D0CB}
		{C53FDDDC-7756-4DEE-8380-F0CA69561216} = {41B3BCFE-E186-4A03-921F-2EC0A823D0CB}
		{AD286227-B8B6-44E6-9BD6-F34BC98B64B9} = {41B3BCFE-E186-4A03-921F-2EC0A823D0CB}
		{745B9D20-6F35-4665-AAF6-6B90D19D9555} = {89953DB7-2AE2-4AC6-AAEF-2A8AABBCC53C}
		{C05D2213-330A-426C-B389-3F98CB20DC1F} = {89953DB7-2AE2-4AC6-AAEF-2A8AABBCC53C}
		{FCC7EF09-D7F7-4477-8417-DA434FFC2E31} = {89953DB7-2AE2-4AC6-AAEF-2A8AABBCC53C}
		{17E6AB42-3099-4E73-8086-4FBA0EA4072F} = {1BF72A49-0494-4996-8DF6-EF260A3B7263}
		{A6FF5784-A7E1-44CE-8CEC-1166200C9010} = {1BF72A49-0494-4996-8DF6-EF260A3B7263}
		{2C9EF91F-C7B4-405D-A565-24AE09DC6498} = {1BF72A49-0494-4996-8DF6-EF260A3B7263}
	EndGlobalSection
EndGlobal
