
Microsoft Visual Studio Solution File, Format Version 12.00
Project("{FAE04EC0-301F-11D3-BF4B-00C04F79EFBC}") = "affolterNET.Data", "affolterNET.Data\affolterNET.Data.csproj", "{7F8BACB2-B376-4713-B2FC-8C3C0F089D9C}"
EndProject
Project("{FAE04EC0-301F-11D3-BF4B-00C04F79EFBC}") = "affolterNET.Data.DtoHelper", "affolterNET.Data.DtoHelper\affolterNET.Data.DtoHelper.csproj", "{024E3895-4BC1-4A57-938A-009FFF961644}"
EndProject
Project("{FAE04EC0-301F-11D3-BF4B-00C04F79EFBC}") = "affolterNET.Data.Test", "Test\affolterNET.Data.Test\affolterNET.Data.Test.csproj", "{D86FC426-65E1-4B34-A7FA-1CF4C0C343DA}"
EndProject
Project("{2150E333-8FDC-42A3-9474-1A3956D46DE8}") = "Test", "Test", "{0AE11873-73B9-4E66-A7BE-FFDDD812952A}"
EndProject
Project("{FAE04EC0-301F-11D3-BF4B-00C04F79EFBC}") = "affolterNET.Data.TestHelpers", "affolterNET.Data.TestHelpers\affolterNET.Data.TestHelpers.csproj", "{BB3D9D5C-5917-436B-B3AC-4A20CAF0FD67}"
EndProject
Project("{FAE04EC0-301F-11D3-BF4B-00C04F79EFBC}") = "affolterNET.Data.TestHelpers.Test", "Test\affolterNET.Data.TestHelpers.Test\affolterNET.Data.TestHelpers.Test.csproj", "{A5A306A3-C9FA-487C-BC54-23A4A7F0259A}"
EndProject
Project("{FAE04EC0-301F-11D3-BF4B-00C04F79EFBC}") = "affolterNET.Data.DtoHelper.Test", "Test\affolterNET.Data.DtoHelper.Test\affolterNET.Data.DtoHelper.Test.csproj", "{963A708B-DF27-4E68-9A95-AE9119755B6D}"
EndProject
Project("{2150E333-8FDC-42A3-9474-1A3956D46DE8}") = "Example", "Example", "{B5E41A0F-5F75-4F64-B8CE-19995884C4BC}"
EndProject
Project("{FAE04EC0-301F-11D3-BF4B-00C04F79EFBC}") = "Example.Update", "Example.Update\Example.Update.csproj", "{11681B01-15B0-4E06-AFE5-BF0349D34B2A}"
EndProject
Project("{FAE04EC0-301F-11D3-BF4B-00C04F79EFBC}") = "Example.Data", "Example.Data\Example.Data.csproj", "{E7901D85-89B7-47F0-9841-CE46B0A37A93}"
EndProject
Global
	GlobalSection(SolutionConfigurationPlatforms) = preSolution
		Debug|Any CPU = Debug|Any CPU
		Release|Any CPU = Release|Any CPU
	EndGlobalSection
	GlobalSection(ProjectConfigurationPlatforms) = postSolution
		{7F8BACB2-B376-4713-B2FC-8C3C0F089D9C}.Debug|Any CPU.ActiveCfg = Debug|Any CPU
		{7F8BACB2-B376-4713-B2FC-8C3C0F089D9C}.Debug|Any CPU.Build.0 = Debug|Any CPU
		{7F8BACB2-B376-4713-B2FC-8C3C0F089D9C}.Release|Any CPU.ActiveCfg = Release|Any CPU
		{7F8BACB2-B376-4713-B2FC-8C3C0F089D9C}.Release|Any CPU.Build.0 = Release|Any CPU
		{024E3895-4BC1-4A57-938A-009FFF961644}.Debug|Any CPU.ActiveCfg = Debug|Any CPU
		{024E3895-4BC1-4A57-938A-009FFF961644}.Debug|Any CPU.Build.0 = Debug|Any CPU
		{024E3895-4BC1-4A57-938A-009FFF961644}.Release|Any CPU.ActiveCfg = Release|Any CPU
		{024E3895-4BC1-4A57-938A-009FFF961644}.Release|Any CPU.Build.0 = Release|Any CPU
		{D86FC426-65E1-4B34-A7FA-1CF4C0C343DA}.Debug|Any CPU.ActiveCfg = Debug|Any CPU
		{D86FC426-65E1-4B34-A7FA-1CF4C0C343DA}.Debug|Any CPU.Build.0 = Debug|Any CPU
		{D86FC426-65E1-4B34-A7FA-1CF4C0C343DA}.Release|Any CPU.ActiveCfg = Release|Any CPU
		{D86FC426-65E1-4B34-A7FA-1CF4C0C343DA}.Release|Any CPU.Build.0 = Release|Any CPU
		{BB3D9D5C-5917-436B-B3AC-4A20CAF0FD67}.Debug|Any CPU.ActiveCfg = Debug|Any CPU
		{BB3D9D5C-5917-436B-B3AC-4A20CAF0FD67}.Debug|Any CPU.Build.0 = Debug|Any CPU
		{BB3D9D5C-5917-436B-B3AC-4A20CAF0FD67}.Release|Any CPU.ActiveCfg = Release|Any CPU
		{BB3D9D5C-5917-436B-B3AC-4A20CAF0FD67}.Release|Any CPU.Build.0 = Release|Any CPU
		{A5A306A3-C9FA-487C-BC54-23A4A7F0259A}.Debug|Any CPU.ActiveCfg = Debug|Any CPU
		{A5A306A3-C9FA-487C-BC54-23A4A7F0259A}.Debug|Any CPU.Build.0 = Debug|Any CPU
		{A5A306A3-C9FA-487C-BC54-23A4A7F0259A}.Release|Any CPU.ActiveCfg = Release|Any CPU
		{A5A306A3-C9FA-487C-BC54-23A4A7F0259A}.Release|Any CPU.Build.0 = Release|Any CPU
		{963A708B-DF27-4E68-9A95-AE9119755B6D}.Debug|Any CPU.ActiveCfg = Debug|Any CPU
		{963A708B-DF27-4E68-9A95-AE9119755B6D}.Debug|Any CPU.Build.0 = Debug|Any CPU
		{963A708B-DF27-4E68-9A95-AE9119755B6D}.Release|Any CPU.ActiveCfg = Release|Any CPU
		{963A708B-DF27-4E68-9A95-AE9119755B6D}.Release|Any CPU.Build.0 = Release|Any CPU
		{11681B01-15B0-4E06-AFE5-BF0349D34B2A}.Debug|Any CPU.ActiveCfg = Debug|Any CPU
		{11681B01-15B0-4E06-AFE5-BF0349D34B2A}.Debug|Any CPU.Build.0 = Debug|Any CPU
		{11681B01-15B0-4E06-AFE5-BF0349D34B2A}.Release|Any CPU.ActiveCfg = Release|Any CPU
		{11681B01-15B0-4E06-AFE5-BF0349D34B2A}.Release|Any CPU.Build.0 = Release|Any CPU
		{E7901D85-89B7-47F0-9841-CE46B0A37A93}.Debug|Any CPU.ActiveCfg = Debug|Any CPU
		{E7901D85-89B7-47F0-9841-CE46B0A37A93}.Debug|Any CPU.Build.0 = Debug|Any CPU
		{E7901D85-89B7-47F0-9841-CE46B0A37A93}.Release|Any CPU.ActiveCfg = Release|Any CPU
		{E7901D85-89B7-47F0-9841-CE46B0A37A93}.Release|Any CPU.Build.0 = Release|Any CPU
	EndGlobalSection
	GlobalSection(NestedProjects) = preSolution
		{D86FC426-65E1-4B34-A7FA-1CF4C0C343DA} = {0AE11873-73B9-4E66-A7BE-FFDDD812952A}
		{A5A306A3-C9FA-487C-BC54-23A4A7F0259A} = {0AE11873-73B9-4E66-A7BE-FFDDD812952A}
		{963A708B-DF27-4E68-9A95-AE9119755B6D} = {0AE11873-73B9-4E66-A7BE-FFDDD812952A}
		{11681B01-15B0-4E06-AFE5-BF0349D34B2A} = {B5E41A0F-5F75-4F64-B8CE-19995884C4BC}
		{E7901D85-89B7-47F0-9841-CE46B0A37A93} = {B5E41A0F-5F75-4F64-B8CE-19995884C4BC}
	EndGlobalSection
EndGlobal
